# This file was autogenerated by uv via the following command:
#    uv pip compile requirements.txt glacierkz-api/requirements-api.txt --python-version 3.10 --output-file requirements.lock
absl-py==2.5.0
    # via
    #   tensorboard
    #   tensorflow
affine==2.4.0
    # via rasterio
annotated-doc==0.0.4
    # via fastapi
annotated-types==0.8.0
    # via pydantic
anyio==4.14.2
    # via
    #   httpx
    #   starlette
    #   watchfiles
astunparse==1.6.3
    # via tensorflow
async-timeout==5.0.1
    # via redis
attrs==26.1.0
    # via
    #   fiona
    #   rasterio
certifi==2026.7.22
    # via
    #   fiona
    #   httpcore
    #   httpx
    #   pyogrio
    #   pyproj
    #   rasterio
    #   requests
cffi==2.1.0
    # via cryptography
charset-normalizer==3.4.9
    # via requests
click==8.4.2
    # via
    #   click-plugins
    #   cligj
    #   fiona
    #   rasterio
    #   uvicorn
click-plugins==1.1.1.2
    # via
    #   fiona
    #   rasterio
cligj==0.7.2
    # via
    #   fiona
    #   rasterio
contourpy==1.3.2
    # via matplotlib
cryptography==49.0.0
    # via google-auth
cycler==0.12.1
    # via matplotlib
exceptiongroup==1.3.1
    # via anyio
fastapi==0.140.0
    # via -r glacierkz-api/requirements-api.txt
fiona==1.10.1
    # via -r requirements.txt
flatbuffers==25.12.19
    # via tensorflow
fonttools==4.63.0
    # via matplotlib
gast==0.7.0
    # via tensorflow
geopandas==1.1.4
    # via -r requirements.txt
google-api-core==2.30.3
    # via google-api-python-client
google-api-python-client==2.198.0
    # via -r requirements.txt
google-auth==2.56.2
    # via
    #   -r requirements.txt
    #   google-api-core
    #   google-api-python-client
    #   google-auth-httplib2
    #   google-auth-oauthlib
    #   tensorboard
google-auth-httplib2==0.4.0
    # via google-api-python-client
google-auth-oauthlib==1.4.0
    # via tensorboard
google-pasta==0.2.0
    # via tensorflow
googleapis-common-protos==1.75.0
    # via google-api-core
grpcio==1.83.0
    # via
    #   tensorboard
    #   tensorflow
h11==0.16.0
    # via
    #   httpcore
    #   uvicorn
h5py==3.16.0
    # via tensorflow
httpcore==1.0.9
    # via httpx
httplib2==0.32.0
    # via
    #   google-api-python-client
    #   google-auth-httplib2
httptools==0.8.0
    # via uvicorn
httpx==0.28.1
    # via -r glacierkz-api/requirements-api.txt
idna==3.18
    # via
    #   anyio
    #   httpx
    #   requests
joblib==1.5.3
    # via scikit-learn
keras==2.15.0
    # via tensorflow
kiwisolver==1.5.0
    # via matplotlib
libclang==18.1.1
    # via tensorflow
markdown==3.10.2
    # via tensorboard
markupsafe==3.0.3
    # via werkzeug
matplotlib==3.8.2
    # via
    #   -r glacierkz-api/requirements-api.txt
    #   -r requirements.txt
    #   seaborn
ml-dtypes==0.3.2
    # via tensorflow
numpy==1.26.4
    # via
    #   -r glacierkz-api/requirements-api.txt
    #   -r requirements.txt
    #   contourpy
    #   geopandas
    #   h5py
    #   matplotlib
    #   ml-dtypes
    #   opencv-python
    #   pandas
    #   pyogrio
    #   rasterio
    #   scikit-learn
    #   scipy
    #   seaborn
    #   shapely
    #   tensorboard
    #   tensorflow
oauthlib==3.3.1
    # via requests-oauthlib
opencv-python==4.9.0.80
    # via -r glacierkz-api/requirements-api.txt
opt-einsum==3.4.0
    # via tensorflow
packaging==26.2
    # via
    #   geopandas
    #   matplotlib
    #   pyogrio
    #   tensorflow
    #   wheel
pandas==2.2.3
    # via
    #   -r glacierkz-api/requirements-api.txt
    #   -r requirements.txt
    #   geopandas
    #   seaborn
pillow==12.3.0
    # via
    #   -r glacierkz-api/requirements-api.txt
    #   -r requirements.txt
    #   matplotlib
proto-plus==1.28.2
    # via google-api-core
protobuf==4.25.9
    # via
    #   -r requirements.txt
    #   google-api-core
    #   googleapis-common-protos
    #   proto-plus
    #   tensorboard
    #   tensorflow
psutil==7.2.2
    # via -r glacierkz-api/requirements-api.txt
pyasn1==0.6.4
    # via pyasn1-modules
pyasn1-modules==0.4.2
    # via google-auth
pycparser==3.0
    # via cffi
pydantic==2.13.4
    # via
    #   -r glacierkz-api/requirements-api.txt
    #   fastapi
pydantic-core==2.46.4
    # via pydantic
pyogrio==0.13.0
    # via geopandas
pyparsing==3.3.2
    # via
    #   httplib2
    #   matplotlib
    #   rasterio
pyproj==3.7.1
    # via geopandas
python-dateutil==2.9.0.post0
    # via
    #   matplotlib
    #   pandas
python-dotenv==1.2.2
    # via
    #   -r glacierkz-api/requirements-api.txt
    #   -r requirements.txt
    #   uvicorn
python-multipart==0.0.31
    # via -r glacierkz-api/requirements-api.txt
pytz==2026.3.post1
    # via pandas
pyyaml==6.0.3
    # via uvicorn
rasterio==1.4.4
    # via -r requirements.txt
redis==5.0.1
    # via -r glacierkz-api/requirements-api.txt
requests==2.34.2
    # via
    #   google-api-core
    #   requests-oauthlib
    #   tensorboard
requests-oauthlib==2.0.0
    # via google-auth-oauthlib
scikit-learn==1.7.2
    # via
    #   -r glacierkz-api/requirements-api.txt
    #   -r requirements.txt
scipy==1.15.3
    # via
    #   -r glacierkz-api/requirements-api.txt
    #   -r requirements.txt
    #   scikit-learn
seaborn==0.13.2
    # via
    #   -r glacierkz-api/requirements-api.txt
    #   -r requirements.txt
setuptools==83.0.0
    # via
    #   tensorboard
    #   tensorflow
shapely==2.1.2
    # via
    #   -r requirements.txt
    #   geopandas
six==1.17.0
    # via
    #   astunparse
    #   google-pasta
    #   python-dateutil
    #   tensorboard
    #   tensorflow
starlette==1.3.1
    # via
    #   -r glacierkz-api/requirements-api.txt
    #   fastapi
tensorboard==2.15.2
    # via tensorflow
tensorboard-data-server==0.7.2
    # via tensorboard
tensorflow==2.15.1
    # via -r requirements.txt
tensorflow-estimator==2.15.0
    # via tensorflow
tensorflow-io-gcs-filesystem==0.37.1
    # via tensorflow
termcolor==3.3.0
    # via tensorflow
threadpoolctl==3.6.0
    # via scikit-learn
tqdm==4.67.1
    # via
    #   -r glacierkz-api/requirements-api.txt
    #   -r requirements.txt
typing-extensions==4.16.0
    # via
    #   anyio
    #   cryptography
    #   exceptiongroup
    #   fastapi
    #   grpcio
    #   pydantic
    #   pydantic-core
    #   starlette
    #   tensorflow
    #   typing-inspection
    #   uvicorn
typing-inspection==0.4.2
    # via
    #   fastapi
    #   pydantic
tzdata==2026.3
    # via pandas
uritemplate==4.2.0
    # via google-api-python-client
urllib3==2.7.0
    # via requests
uvicorn==0.27.0
    # via -r glacierkz-api/requirements-api.txt
uvloop==0.22.1
    # via uvicorn
watchfiles==1.2.0
    # via uvicorn
websockets==16.1.1
    # via uvicorn
werkzeug==3.1.8
    # via tensorboard
wheel==0.47.0
    # via astunparse
wrapt==1.14.2
    # via tensorflow
